{
  "version": 4,
  "terraform_version": "1.8.5",
  "serial": 23,
  "lineage": "47027eab-2096-3146-9192-db59ba6de3c3",
  "outputs": {},
  "resources": [
    {
      "module": "module.channel",
      "mode": "managed",
      "type": "newrelic_notification_channel",
      "name": "channel01",
      "provider": "module.channel.provider[\"registry.terraform.io/newrelic/newrelic\"]",
      "instances": [
        {
          "schema_version": 0,
          "attributes": {
            "account_id": 4550857,
            "active": true,
            "destination_id": "fa98f022-f0af-4a5e-b919-c5af75fc7ccb",
            "id": "7a3ed244-3b0f-4b28-b1fa-e1bc1837e8cb",
            "name": "channel01",
            "product": "IINT",
            "property": [
              {
                "display_value": "",
                "key": "customDetailsEmail",
                "label": "",
                "value": "Infra alerting"
              },
              {
                "display_value": "",
                "key": "subject",
                "label": "",
                "value": "ALERT!"
              }
            ],
            "status": "DEFAULT",
            "type": "EMAIL"
          },
          "sensitive_attributes": [],
          "private": "bnVsbA==",
          "dependencies": [
            "module.destination.newrelic_notification_destination.destination01"
          ]
        }
      ]
    },
    {
      "module": "module.destination",
      "mode": "managed",
      "type": "newrelic_notification_destination",
      "name": "destination01",
      "provider": "module.destination.provider[\"registry.terraform.io/newrelic/newrelic\"]",
      "instances": [
        {
          "schema_version": 1,
          "attributes": {
            "account_id": 4550857,
            "active": true,
            "auth_basic": [],
            "auth_custom_header": [],
            "auth_token": [],
            "guid": "NDU1MDg1N3xBSU9QU3xERVNUSU5BVElPTnxmYTk4ZjAyMi1mMGFmLTRhNWUtYjkxOS1jNWFmNzVmYzdjY2I",
            "id": "fa98f022-f0af-4a5e-b919-c5af75fc7ccb",
            "last_sent": "",
            "name": "destination01",
            "property": [
              {
                "display_value": "",
                "key": "email",
                "label": "",
                "value": "xshreya.sharma@gmail.com"
              }
            ],
            "secure_url": [],
            "status": "DEFAULT",
            "type": "EMAIL"
          },
          "sensitive_attributes": [],
          "private": "eyJzY2hlbWFfdmVyc2lvbiI6IjEifQ=="
        }
      ]
    },
    {
      "module": "module.policy-condition",
      "mode": "managed",
      "type": "newrelic_alert_policy",
      "name": "policy01",
      "provider": "module.policy-condition.provider[\"registry.terraform.io/newrelic/newrelic\"]",
      "instances": [
        {
          "schema_version": 0,
          "attributes": {
            "account_id": 4550857,
            "channel_ids": null,
            "id": "5494384",
            "incident_preference": "PER_CONDITION",
            "name": "policy01"
          },
          "sensitive_attributes": [],
          "private": "bnVsbA=="
        }
      ]
    },
    {
      "module": "module.policy-condition",
      "mode": "managed",
      "type": "newrelic_nrql_alert_condition",
      "name": "condition",
      "provider": "module.policy-condition.provider[\"registry.terraform.io/newrelic/newrelic\"]",
      "instances": [
        {
          "index_key": "condiiton1",
          "schema_version": 0,
          "attributes": {
            "account_id": 4550857,
            "aggregation_delay": "120",
            "aggregation_method": "event_flow",
            "aggregation_timer": null,
            "aggregation_window": 60,
            "baseline_direction": null,
            "close_violations_on_expiration": true,
            "critical": [
              {
                "duration": 0,
                "operator": "above",
                "threshold": 80,
                "threshold_duration": 300,
                "threshold_occurrences": "all",
                "time_function": ""
              }
            ],
            "description": "cpu usage percentage",
            "enabled": true,
            "entity_guid": "NDU1MDg1N3xBSU9QU3xDT05ESVRJT058NDMzMTgxNTg",
            "evaluation_delay": null,
            "expiration_duration": 120,
            "fill_option": "last_value",
            "fill_value": 0,
            "id": "5494384:43318158",
            "name": "cpuPercent",
            "nrql": [
              {
                "data_account_id": 0,
                "evaluation_offset": 0,
                "query": "FROM SystemSample SELECT average(cpuPercent) WHERE entityName = 'DESKTOP-1FTVP0P'",
                "since_value": ""
              }
            ],
            "open_violation_on_expiration": true,
            "policy_id": 5494384,
            "runbook_url": "",
            "slide_by": 30,
            "term": [],
            "timeouts": null,
            "type": "static",
            "violation_time_limit": "ONE_HOUR",
            "violation_time_limit_seconds": 3600,
            "warning": [
              {
                "duration": 0,
                "operator": "above",
                "threshold": 60,
                "threshold_duration": 300,
                "threshold_occurrences": "all",
                "time_function": ""
              }
            ]
          },
          "sensitive_attributes": [],
          "private": "eyJlMmJmYjczMC1lY2FhLTExZTYtOGY4OC0zNDM2M2JjN2M0YzAiOnsiY3JlYXRlIjozMDAwMDAwMDAwMH19",
          "dependencies": [
            "module.policy-condition.newrelic_alert_policy.policy01"
          ]
        },
        {
          "index_key": "condition2",
          "schema_version": 0,
          "attributes": {
            "account_id": 4550857,
            "aggregation_delay": "120",
            "aggregation_method": "event_flow",
            "aggregation_timer": null,
            "aggregation_window": 60,
            "baseline_direction": null,
            "close_violations_on_expiration": true,
            "critical": [
              {
                "duration": 0,
                "operator": "above",
                "threshold": 80,
                "threshold_duration": 300,
                "threshold_occurrences": "all",
                "time_function": ""
              }
            ],
            "description": "memory usage percentage",
            "enabled": true,
            "entity_guid": "NDU1MDg1N3xBSU9QU3xDT05ESVRJT058NDMzMTgxNTc",
            "evaluation_delay": null,
            "expiration_duration": 120,
            "fill_option": "last_value",
            "fill_value": 0,
            "id": "5494384:43318157",
            "name": "memoryPercent",
            "nrql": [
              {
                "data_account_id": 0,
                "evaluation_offset": 0,
                "query": "FROM SystemSample SELECT average(memoryUsedPercent) WHERE entityName = 'DESKTOP-1FTVP0P'",
                "since_value": ""
              }
            ],
            "open_violation_on_expiration": true,
            "policy_id": 5494384,
            "runbook_url": "",
            "slide_by": 30,
            "term": [],
            "timeouts": null,
            "type": "static",
            "violation_time_limit": "ONE_HOUR",
            "violation_time_limit_seconds": 3600,
            "warning": [
              {
                "duration": 0,
                "operator": "above",
                "threshold": 60,
                "threshold_duration": 300,
                "threshold_occurrences": "all",
                "time_function": ""
              }
            ]
          },
          "sensitive_attributes": [],
          "private": "eyJlMmJmYjczMC1lY2FhLTExZTYtOGY4OC0zNDM2M2JjN2M0YzAiOnsiY3JlYXRlIjozMDAwMDAwMDAwMH19",
          "dependencies": [
            "module.policy-condition.newrelic_alert_policy.policy01"
          ]
        },
        {
          "index_key": "condition3",
          "schema_version": 0,
          "attributes": {
            "account_id": 4550857,
            "aggregation_delay": "120",
            "aggregation_method": "event_flow",
            "aggregation_timer": null,
            "aggregation_window": 60,
            "baseline_direction": null,
            "close_violations_on_expiration": true,
            "critical": [
              {
                "duration": 0,
                "operator": "above",
                "threshold": 80,
                "threshold_duration": 300,
                "threshold_occurrences": "all",
                "time_function": ""
              }
            ],
            "description": "disk usage percentage",
            "enabled": true,
            "entity_guid": "NDU1MDg1N3xBSU9QU3xDT05ESVRJT058NDMzMTgxNjE",
            "evaluation_delay": null,
            "expiration_duration": 120,
            "fill_option": "last_value",
            "fill_value": 0,
            "id": "5494384:43318161",
            "name": "diskPercent",
            "nrql": [
              {
                "data_account_id": 0,
                "evaluation_offset": 0,
                "query": "FROM SystemSample SELECT average(diskUsedPercent) WHERE entityName = 'DESKTOP-1FTVP0P'",
                "since_value": ""
              }
            ],
            "open_violation_on_expiration": true,
            "policy_id": 5494384,
            "runbook_url": "",
            "slide_by": 30,
            "term": [],
            "timeouts": null,
            "type": "static",
            "violation_time_limit": "ONE_HOUR",
            "violation_time_limit_seconds": 3600,
            "warning": [
              {
                "duration": 0,
                "operator": "above",
                "threshold": 60,
                "threshold_duration": 300,
                "threshold_occurrences": "all",
                "time_function": ""
              }
            ]
          },
          "sensitive_attributes": [],
          "private": "eyJlMmJmYjczMC1lY2FhLTExZTYtOGY4OC0zNDM2M2JjN2M0YzAiOnsiY3JlYXRlIjozMDAwMDAwMDAwMH19",
          "dependencies": [
            "module.policy-condition.newrelic_alert_policy.policy01"
          ]
        },
        {
          "index_key": "condition4",
          "schema_version": 0,
          "attributes": {
            "account_id": 4550857,
            "aggregation_delay": "120",
            "aggregation_method": "event_flow",
            "aggregation_timer": null,
            "aggregation_window": 60,
            "baseline_direction": null,
            "close_violations_on_expiration": true,
            "critical": [
              {
                "duration": 0,
                "operator": "above",
                "threshold": 1000,
                "threshold_duration": 300,
                "threshold_occurrences": "all",
                "time_function": ""
              }
            ],
            "description": "network Ingress",
            "enabled": true,
            "entity_guid": "NDU1MDg1N3xBSU9QU3xDT05ESVRJT058NDMzMTgxNjA",
            "evaluation_delay": null,
            "expiration_duration": 120,
            "fill_option": "last_value",
            "fill_value": 0,
            "id": "5494384:43318160",
            "name": "networkIngress",
            "nrql": [
              {
                "data_account_id": 0,
                "evaluation_offset": 0,
                "query": "SELECT average(receiveBytesPerSecond) FROM NetworkSample WHERE entityName = 'DESKTOP-1FTVP0P'",
                "since_value": ""
              }
            ],
            "open_violation_on_expiration": true,
            "policy_id": 5494384,
            "runbook_url": "",
            "slide_by": 30,
            "term": [],
            "timeouts": null,
            "type": "static",
            "violation_time_limit": "ONE_HOUR",
            "violation_time_limit_seconds": 3600,
            "warning": [
              {
                "duration": 0,
                "operator": "above",
                "threshold": 800,
                "threshold_duration": 300,
                "threshold_occurrences": "all",
                "time_function": ""
              }
            ]
          },
          "sensitive_attributes": [],
          "private": "eyJlMmJmYjczMC1lY2FhLTExZTYtOGY4OC0zNDM2M2JjN2M0YzAiOnsiY3JlYXRlIjozMDAwMDAwMDAwMH19",
          "dependencies": [
            "module.policy-condition.newrelic_alert_policy.policy01"
          ]
        },
        {
          "index_key": "condition5",
          "schema_version": 0,
          "attributes": {
            "account_id": 4550857,
            "aggregation_delay": "120",
            "aggregation_method": "event_flow",
            "aggregation_timer": null,
            "aggregation_window": 60,
            "baseline_direction": null,
            "close_violations_on_expiration": true,
            "critical": [
              {
                "duration": 0,
                "operator": "above",
                "threshold": 1000,
                "threshold_duration": 300,
                "threshold_occurrences": "all",
                "time_function": ""
              }
            ],
            "description": "network Egress",
            "enabled": true,
            "entity_guid": "NDU1MDg1N3xBSU9QU3xDT05ESVRJT058NDMzMTgxNTk",
            "evaluation_delay": null,
            "expiration_duration": 120,
            "fill_option": "last_value",
            "fill_value": 0,
            "id": "5494384:43318159",
            "name": "networkEgress",
            "nrql": [
              {
                "data_account_id": 0,
                "evaluation_offset": 0,
                "query": "SELECT average(transmitBytesPerSecond) FROM NetworkSample WHERE entityName = 'DESKTOP-1FTVP0P'",
                "since_value": ""
              }
            ],
            "open_violation_on_expiration": true,
            "policy_id": 5494384,
            "runbook_url": "",
            "slide_by": 30,
            "term": [],
            "timeouts": null,
            "type": "static",
            "violation_time_limit": "ONE_HOUR",
            "violation_time_limit_seconds": 3600,
            "warning": [
              {
                "duration": 0,
                "operator": "above",
                "threshold": 800,
                "threshold_duration": 300,
                "threshold_occurrences": "all",
                "time_function": ""
              }
            ]
          },
          "sensitive_attributes": [],
          "private": "eyJlMmJmYjczMC1lY2FhLTExZTYtOGY4OC0zNDM2M2JjN2M0YzAiOnsiY3JlYXRlIjozMDAwMDAwMDAwMH19",
          "dependencies": [
            "module.policy-condition.newrelic_alert_policy.policy01"
          ]
        }
      ]
    },
    {
      "module": "module.serviceLevel",
      "mode": "managed",
      "type": "newrelic_service_level",
      "name": "serviceLevel",
      "provider": "module.serviceLevel.provider[\"registry.terraform.io/newrelic/newrelic\"]",
      "instances": [
        {
          "index_key": "sl1",
          "schema_version": 0,
          "attributes": {
            "description": "Host Availability",
            "events": [
              {
                "account_id": 4550857,
                "bad_events": [],
                "good_events": [
                  {
                    "from": "SystemSample",
                    "select": [
                      {
                        "attribute": "",
                        "function": "COUNT",
                        "threshold": 0
                      }
                    ],
                    "where": "hostStatus ='running'"
                  }
                ],
                "valid_events": [
                  {
                    "from": "SystemSample",
                    "select": [
                      {
                        "attribute": "",
                        "function": "COUNT",
                        "threshold": 0
                      }
                    ],
                    "where": "entityGuid = 'NDU1MDg1N3xJTkZSQXxOQXw3ODQxNTY5MjY0NDI5MzkxMzU5'"
                  }
                ]
              }
            ],
            "guid": "NDU1MDg1N3xJTkZSQXxOQXw3ODQxNTY5MjY0NDI5MzkxMzU5",
            "id": "4550857:605910:NDU1MDg1N3xJTkZSQXxOQXw3ODQxNTY5MjY0NDI5MzkxMzU5",
            "name": "sl1-host-availability",
            "objective": [
              {
                "description": "",
                "name": "",
                "target": 99,
                "time_window": [
                  {
                    "rolling": [
                      {
                        "count": 7,
                        "unit": "DAY"
                      }
                    ]
                  }
                ]
              }
            ],
            "sli_guid": "NDU1MDg1N3xFWFR8U0VSVklDRV9MRVZFTHw2MDU5MTA",
            "sli_id": "605910"
          },
          "sensitive_attributes": [],
          "private": "bnVsbA=="
        },
        {
          "index_key": "sl2",
          "schema_version": 0,
          "attributes": {
            "description": "Proportion of successful synthetic checks.",
            "events": [
              {
                "account_id": 4550857,
                "bad_events": [],
                "good_events": [
                  {
                    "from": "SyntheticCheck",
                    "select": [
                      {
                        "attribute": "",
                        "function": "COUNT",
                        "threshold": 0
                      }
                    ],
                    "where": "entityGuid = 'NDU1MDg1N3xTWU5USHxNT05JVE9SfGQ1ZjcxOTg1LTkzM2MtNGVkNi05MGE4LWJhODY3ZmY5MjAzNw' AND result='SUCCESS'"
                  }
                ],
                "valid_events": [
                  {
                    "from": "SyntheticCheck",
                    "select": [
                      {
                        "attribute": "",
                        "function": "COUNT",
                        "threshold": 0
                      }
                    ],
                    "where": "entityGuid = 'NDU1MDg1N3xTWU5USHxNT05JVE9SfGQ1ZjcxOTg1LTkzM2MtNGVkNi05MGE4LWJhODY3ZmY5MjAzNw'"
                  }
                ]
              }
            ],
            "guid": "NDU1MDg1N3xTWU5USHxNT05JVE9SfGQ1ZjcxOTg1LTkzM2MtNGVkNi05MGE4LWJhODY3ZmY5MjAzNw",
            "id": "4550857:605911:NDU1MDg1N3xTWU5USHxNT05JVE9SfGQ1ZjcxOTg1LTkzM2MtNGVkNi05MGE4LWJhODY3ZmY5MjAzNw",
            "name": "sl2-synthetic-success",
            "objective": [
              {
                "description": "",
                "name": "",
                "target": 99,
                "time_window": [
                  {
                    "rolling": [
                      {
                        "count": 7,
                        "unit": "DAY"
                      }
                    ]
                  }
                ]
              }
            ],
            "sli_guid": "NDU1MDg1N3xFWFR8U0VSVklDRV9MRVZFTHw2MDU5MTE",
            "sli_id": "605911"
          },
          "sensitive_attributes": [],
          "private": "bnVsbA=="
        },
        {
          "index_key": "sl3",
          "schema_version": 0,
          "attributes": {
            "description": "Proporiton of Page Views that are served without errors",
            "events": [
              {
                "account_id": 4550857,
                "bad_events": [
                  {
                    "from": "JavaScriptError",
                    "select": [
                      {
                        "attribute": "",
                        "function": "COUNT",
                        "threshold": 0
                      }
                    ],
                    "where": "entityGuid = 'NDU1MDg1N3xCUk9XU0VSfEFQUExJQ0FUSU9OfDYwMTQ4NTU5NQ' AND firstErrorInSession IS true"
                  }
                ],
                "good_events": [],
                "valid_events": [
                  {
                    "from": "PageView",
                    "select": [
                      {
                        "attribute": "",
                        "function": "COUNT",
                        "threshold": 0
                      }
                    ],
                    "where": "entityGuid = 'NDU1MDg1N3xCUk9XU0VSfEFQUExJQ0FUSU9OfDYwMTQ4NTU5NQ'"
                  }
                ]
              }
            ],
            "guid": "NDU1MDg1N3xCUk9XU0VSfEFQUExJQ0FUSU9OfDYwMTQ4NTU5NQ",
            "id": "4550857:605914:NDU1MDg1N3xCUk9XU0VSfEFQUExJQ0FUSU9OfDYwMTQ4NTU5NQ",
            "name": "sl3-success-Browser",
            "objective": [
              {
                "description": "",
                "name": "",
                "target": 99.99,
                "time_window": [
                  {
                    "rolling": [
                      {
                        "count": 7,
                        "unit": "DAY"
                      }
                    ]
                  }
                ]
              }
            ],
            "sli_guid": "NDU1MDg1N3xFWFR8U0VSVklDRV9MRVZFTHw2MDU5MTQ",
            "sli_id": "605914"
          },
          "sensitive_attributes": [],
          "private": "bnVsbA=="
        },
        {
          "index_key": "sl4",
          "schema_version": 0,
          "attributes": {
            "description": "Proportion of page views where the largest content element visible in the viewport was rendered faster than a threshold.",
            "events": [
              {
                "account_id": 4550857,
                "bad_events": [],
                "good_events": [
                  {
                    "from": "PageViewTiming",
                    "select": [
                      {
                        "attribute": "",
                        "function": "COUNT",
                        "threshold": 0
                      }
                    ],
                    "where": "entityGuid = 'NDU1MDg1N3xCUk9XU0VSfEFQUExJQ0FUSU9OfDYwMTQ4NTU5NQ' AND largestContentfulPaint \u003c 0.01"
                  }
                ],
                "valid_events": [
                  {
                    "from": "PageViewTiming",
                    "select": [
                      {
                        "attribute": "",
                        "function": "COUNT",
                        "threshold": 0
                      }
                    ],
                    "where": "entityGuid = 'NDU1MDg1N3xCUk9XU0VSfEFQUExJQ0FUSU9OfDYwMTQ4NTU5NQ' AND largestContentfulPaint IS NOT NULL"
                  }
                ]
              }
            ],
            "guid": "NDU1MDg1N3xCUk9XU0VSfEFQUExJQ0FUSU9OfDYwMTQ4NTU5NQ",
            "id": "4550857:605913:NDU1MDg1N3xCUk9XU0VSfEFQUExJQ0FUSU9OfDYwMTQ4NTU5NQ",
            "name": "sl4-lcp",
            "objective": [
              {
                "description": "",
                "name": "",
                "target": 95,
                "time_window": [
                  {
                    "rolling": [
                      {
                        "count": 7,
                        "unit": "DAY"
                      }
                    ]
                  }
                ]
              }
            ],
            "sli_guid": "NDU1MDg1N3xFWFR8U0VSVklDRV9MRVZFTHw2MDU5MTM",
            "sli_id": "605913"
          },
          "sensitive_attributes": [],
          "private": "bnVsbA=="
        },
        {
          "index_key": "sl5",
          "schema_version": 0,
          "attributes": {
            "description": "Proportion of web pages where the delay between user actions and the browser's response is shorter than the threshold.",
            "events": [
              {
                "account_id": 4550857,
                "bad_events": [],
                "good_events": [
                  {
                    "from": "PageViewTiming",
                    "select": [
                      {
                        "attribute": "",
                        "function": "COUNT",
                        "threshold": 0
                      }
                    ],
                    "where": "entityGuid = 'NDU1MDg1N3xCUk9XU0VSfEFQUExJQ0FUSU9OfDYwMTQ4NTU5NQ' AND interactionToNextPaint \u003c 0.01"
                  }
                ],
                "valid_events": [
                  {
                    "from": "PageViewTiming",
                    "select": [
                      {
                        "attribute": "",
                        "function": "COUNT",
                        "threshold": 0
                      }
                    ],
                    "where": "entityGuid = 'NDU1MDg1N3xCUk9XU0VSfEFQUExJQ0FUSU9OfDYwMTQ4NTU5NQ' AND interactionToNextPaint IS NOT NULL"
                  }
                ]
              }
            ],
            "guid": "NDU1MDg1N3xCUk9XU0VSfEFQUExJQ0FUSU9OfDYwMTQ4NTU5NQ",
            "id": "4550857:605912:NDU1MDg1N3xCUk9XU0VSfEFQUExJQ0FUSU9OfDYwMTQ4NTU5NQ",
            "name": "sl5-inp",
            "objective": [
              {
                "description": "",
                "name": "",
                "target": 95,
                "time_window": [
                  {
                    "rolling": [
                      {
                        "count": 7,
                        "unit": "DAY"
                      }
                    ]
                  }
                ]
              }
            ],
            "sli_guid": "NDU1MDg1N3xFWFR8U0VSVklDRV9MRVZFTHw2MDU5MTI",
            "sli_id": "605912"
          },
          "sensitive_attributes": [],
          "private": "bnVsbA=="
        }
      ]
    },
    {
      "module": "module.workflow",
      "mode": "managed",
      "type": "newrelic_workflow",
      "name": "infra-workflow",
      "provider": "module.workflow.provider[\"registry.terraform.io/newrelic/newrelic\"]",
      "instances": [
        {
          "schema_version": 1,
          "attributes": {
            "account_id": 4550857,
            "destination": [
              {
                "channel_id": "7a3ed244-3b0f-4b28-b1fa-e1bc1837e8cb",
                "name": "channel01",
                "notification_triggers": [
                  "ACKNOWLEDGED",
                  "ACTIVATED",
                  "CLOSED"
                ],
                "type": "EMAIL",
                "update_original_message": true
              }
            ],
            "destinations_enabled": true,
            "enabled": true,
            "enrichments": [],
            "enrichments_enabled": true,
            "guid": "NDU1MDg1N3xBSU9QU3xXT1JLRkxPV3w0YjljZThmNS0zZTU0LTQ3YWItYjA0NC05Y2M3NGNiMWM2MWE",
            "id": "4b9ce8f5-3e54-47ab-b044-9cc74cb1c61a",
            "issues_filter": [
              {
                "filter_id": "f7580d0b-ab94-4e2d-845d-1be5d39fcff2",
                "name": "filter",
                "predicate": [
                  {
                    "attribute": "priority",
                    "operator": "EXACTLY_MATCHES",
                    "values": [
                      "critical"
                    ]
                  }
                ],
                "type": "FILTER"
              }
            ],
            "last_run": "",
            "muting_rules_handling": "NOTIFY_ALL_ISSUES",
            "name": "workflow01",
            "workflow_id": "4b9ce8f5-3e54-47ab-b044-9cc74cb1c61a"
          },
          "sensitive_attributes": [],
          "private": "eyJzY2hlbWFfdmVyc2lvbiI6IjEifQ==",
          "dependencies": [
            "module.channel.newrelic_notification_channel.channel01",
            "module.destination.newrelic_notification_destination.destination01"
          ]
        }
      ]
    }
  ],
  "check_results": null
}
